
Microsoft Visual Studio Solution File, Format Version 12.00
# Visual Studio Version 17
VisualStudioVersion = 17.6.33717.318
MinimumVisualStudioVersion = 10.0.40219.1
Project("{9A19103F-16F7-4668-BE54-9A1E7A4F7556}") = "FileSorting", "FileSorting\FileSorting.csproj", "{B7131B54-F690-454B-855F-A1C8D530D292}"
EndProject
Project("{54435603-DBB4-11D2-8724-00A0C9A8B90C}") = "Setup", "Setup\Setup.vdproj", "{C42B5D9F-27D3-4C90-B54E-2B395A121151}"
EndProject
Global
	GlobalSection(SolutionConfigurationPlatforms) = preSolution
		Debug|Any CPU = Debug|Any CPU
		Release|Any CPU = Release|Any CPU
	EndGlobalSection
	GlobalSection(ProjectConfigurationPlatforms) = postSolution
		{B7131B54-F690-454B-855F-A1C8D530D292}.Debug|Any CPU.ActiveCfg = Debug|Any CPU
		{B7131B54-F690-454B-855F-A1C8D530D292}.Debug|Any CPU.Build.0 = Debug|Any CPU
		{B7131B54-F690-454B-855F-A1C8D530D292}.Release|Any CPU.ActiveCfg = Release|Any CPU
		{B7131B54-F690-454B-855F-A1C8D530D292}.Release|Any CPU.Build.0 = Release|Any CPU
		{C42B5D9F-27D3-4C90-B54E-2B395A121151}.Debug|Any CPU.ActiveCfg = Debug
		{C42B5D9F-27D3-4C90-B54E-2B395A121151}.Release|Any CPU.ActiveCfg = Release
	EndGlobalSection
	GlobalSection(SolutionProperties) = preSolution
		HideSolutionNode = FALSE
	EndGlobalSection
	GlobalSection(ExtensibilityGlobals) = postSolution
		SolutionGuid = {561A215B-6C4C-43C5-891B-2A19D0AF3A09}
	EndGlobalSection
EndGlobal
